{
  "name": "hash-map",
  "version": "1.0.0",
  "lockfileVersion": 3,
  "requires": true,
  "packages": {
    "": {
      "name": "hash-map",
      "version": "1.0.0",
      "license": "ISC",
      "dependencies": {
        "linked-list-jo": "^1.0.0"
      },
      "devDependencies": {}
    },
    "node_modules/linked-list-jo": {
      "version": "1.0.0",
      "resolved": "https://registry.npmjs.org/linked-list-jo/-/linked-list-jo-1.0.0.tgz",
      "integrity": "sha512-SbWV2M3DZxlYMD26QUEGkiarz/y+Fg/1SyhnKCdZpY8uKFP3lJsaMeAJNgWrYa5agjvnb+WNzuhqB1ffk9YEbA=="
    }
  }
}
